
Microsoft Visual Studio Solution File, Format Version 12.00
# Visual Studio 2013
VisualStudioVersion = 12.0.40629.0
MinimumVisualStudioVersion = 10.0.40219.1
Project("{F184B08F-C81C-45F6-A57F-5ABD9991F28F}") = "96-SwapCase", "96-SwapCase\96-SwapCase.vbproj", "{7CE58263-9182-4303-A3E6-63EDC5AA271F}"
EndProject
Global
	GlobalSection(SolutionConfigurationPlatforms) = preSolution
		Debug|Any CPU = Debug|Any CPU
		Release|Any CPU = Release|Any CPU
	EndGlobalSection
	GlobalSection(ProjectConfigurationPlatforms) = postSolution
		{7CE58263-9182-4303-A3E6-63EDC5AA271F}.Debug|Any CPU.ActiveCfg = Debug|Any CPU
		{7CE58263-9182-4303-A3E6-63EDC5AA271F}.Debug|Any CPU.Build.0 = Debug|Any CPU
		{7CE58263-9182-4303-A3E6-63EDC5AA271F}.Release|Any CPU.ActiveCfg = Release|Any CPU
		{7CE58263-9182-4303-A3E6-63EDC5AA271F}.Release|Any CPU.Build.0 = Release|Any CPU
	EndGlobalSection
	GlobalSection(SolutionProperties) = preSolution
		HideSolutionNode = FALSE
	EndGlobalSection
EndGlobal
