
Microsoft Visual Studio Solution File, Format Version 12.00
# Visual Studio 2013
VisualStudioVersion = 12.0.40629.0
MinimumVisualStudioVersion = 10.0.40219.1
Project("{F184B08F-C81C-45F6-A57F-5ABD9991F28F}") = "111-LongestWord", "111-LongestWord\111-LongestWord.vbproj", "{E23786E9-47B1-4086-8768-01C97E6F6F9B}"
EndProject
Global
	GlobalSection(SolutionConfigurationPlatforms) = preSolution
		Debug|Any CPU = Debug|Any CPU
		Release|Any CPU = Release|Any CPU
	EndGlobalSection
	GlobalSection(ProjectConfigurationPlatforms) = postSolution
		{E23786E9-47B1-4086-8768-01C97E6F6F9B}.Debug|Any CPU.ActiveCfg = Debug|Any CPU
		{E23786E9-47B1-4086-8768-01C97E6F6F9B}.Debug|Any CPU.Build.0 = Debug|Any CPU
		{E23786E9-47B1-4086-8768-01C97E6F6F9B}.Release|Any CPU.ActiveCfg = Release|Any CPU
		{E23786E9-47B1-4086-8768-01C97E6F6F9B}.Release|Any CPU.Build.0 = Release|Any CPU
	EndGlobalSection
	GlobalSection(SolutionProperties) = preSolution
		HideSolutionNode = FALSE
	EndGlobalSection
EndGlobal
